
Microsoft Visual Studio Solution File, Format Version 12.00
# Visual Studio Version 17
VisualStudioVersion = 17.11.35312.102
MinimumVisualStudioVersion = 10.0.40219.1
Project("{8BC9CEB8-8B4A-11D0-8D11-00A0C91BC942}") = "СиАОД_7_2", "СиАОД_7_2.vcxproj", "{EAA6663E-8AD2-47E9-9108-B0D182EA46CA}"
EndProject
Global
	GlobalSection(SolutionConfigurationPlatforms) = preSolution
		Debug|x64 = Debug|x64
		Debug|x86 = Debug|x86
		Release|x64 = Release|x64
		Release|x86 = Release|x86
	EndGlobalSection
	GlobalSection(ProjectConfigurationPlatforms) = postSolution
		{EAA6663E-8AD2-47E9-9108-B0D182EA46CA}.Debug|x64.ActiveCfg = Debug|x64
		{EAA6663E-8AD2-47E9-9108-B0D182EA46CA}.Debug|x64.Build.0 = Debug|x64
		{EAA6663E-8AD2-47E9-9108-B0D182EA46CA}.Debug|x86.ActiveCfg = Debug|Win32
		{EAA6663E-8AD2-47E9-9108-B0D182EA46CA}.Debug|x86.Build.0 = Debug|Win32
		{EAA6663E-8AD2-47E9-9108-B0D182EA46CA}.Release|x64.ActiveCfg = Release|x64
		{EAA6663E-8AD2-47E9-9108-B0D182EA46CA}.Release|x64.Build.0 = Release|x64
		{EAA6663E-8AD2-47E9-9108-B0D182EA46CA}.Release|x86.ActiveCfg = Release|Win32
		{EAA6663E-8AD2-47E9-9108-B0D182EA46CA}.Release|x86.Build.0 = Release|Win32
	EndGlobalSection
	GlobalSection(SolutionProperties) = preSolution
		HideSolutionNode = FALSE
	EndGlobalSection
	GlobalSection(ExtensibilityGlobals) = postSolution
		SolutionGuid = {5118CD63-075B-40BF-9C05-DEEEBD8D9F5E}
	EndGlobalSection
EndGlobal
